
Microsoft Visual Studio Solution File, Format Version 12.00
# Visual Studio Version 17
VisualStudioVersion = 17.11.35208.52
MinimumVisualStudioVersion = 10.0.40219.1
Project("{FAE04EC0-301F-11D3-BF4B-00C04F79EFBC}") = "Bank", "Bank.csproj", "{7BF88895-BB45-495C-82E3-3E19EFA6E5FC}"
EndProject
Project("{FAE04EC0-301F-11D3-BF4B-00C04F79EFBC}") = "Bank-DAL", "..\Bank-DAL\Bank-DAL.csproj", "{14AE6B4F-A86A-4EBF-B696-964E9CA671FA}"
EndProject
Project("{FAE04EC0-301F-11D3-BF4B-00C04F79EFBC}") = "Bank-BLL", "..\Bank-BLL\Bank-BLL.csproj", "{102F8584-CBB6-4EFA-9247-FACF2C381B84}"
EndProject
Global
	GlobalSection(SolutionConfigurationPlatforms) = preSolution
		Debug|Any CPU = Debug|Any CPU
		Release|Any CPU = Release|Any CPU
	EndGlobalSection
	GlobalSection(ProjectConfigurationPlatforms) = postSolution
		{7BF88895-BB45-495C-82E3-3E19EFA6E5FC}.Debug|Any CPU.ActiveCfg = Debug|Any CPU
		{7BF88895-BB45-495C-82E3-3E19EFA6E5FC}.Debug|Any CPU.Build.0 = Debug|Any CPU
		{7BF88895-BB45-495C-82E3-3E19EFA6E5FC}.Release|Any CPU.ActiveCfg = Release|Any CPU
		{7BF88895-BB45-495C-82E3-3E19EFA6E5FC}.Release|Any CPU.Build.0 = Release|Any CPU
		{14AE6B4F-A86A-4EBF-B696-964E9CA671FA}.Debug|Any CPU.ActiveCfg = Debug|Any CPU
		{14AE6B4F-A86A-4EBF-B696-964E9CA671FA}.Debug|Any CPU.Build.0 = Debug|Any CPU
		{14AE6B4F-A86A-4EBF-B696-964E9CA671FA}.Release|Any CPU.ActiveCfg = Release|Any CPU
		{14AE6B4F-A86A-4EBF-B696-964E9CA671FA}.Release|Any CPU.Build.0 = Release|Any CPU
		{102F8584-CBB6-4EFA-9247-FACF2C381B84}.Debug|Any CPU.ActiveCfg = Debug|Any CPU
		{102F8584-CBB6-4EFA-9247-FACF2C381B84}.Debug|Any CPU.Build.0 = Debug|Any CPU
		{102F8584-CBB6-4EFA-9247-FACF2C381B84}.Release|Any CPU.ActiveCfg = Release|Any CPU
		{102F8584-CBB6-4EFA-9247-FACF2C381B84}.Release|Any CPU.Build.0 = Release|Any CPU
	EndGlobalSection
	GlobalSection(SolutionProperties) = preSolution
		HideSolutionNode = FALSE
	EndGlobalSection
	GlobalSection(ExtensibilityGlobals) = postSolution
		SolutionGuid = {3E447364-A8A1-4763-941A-8FEFE791511C}
	EndGlobalSection
EndGlobal
